
Microsoft Visual Studio Solution File, Format Version 12.00
# Visual Studio 2017
Project("{FAE04EC0-301F-11D3-BF4B-00C04F79EFBC}") = "M15 - RPG VR", "M15 - RPG VR.csproj", "{4FAC0D57-20C8-5801-18AA-C0672B212836}"
EndProject
Project("{FAE04EC0-301F-11D3-BF4B-00C04F79EFBC}") = "M15 - RPG VR.Editor", "M15 - RPG VR.Editor.csproj", "{BF1C3BB5-10BC-1CB1-ED0B-EC28CABC61A0}"
EndProject
Global
	GlobalSection(SolutionConfigurationPlatforms) = preSolution
		Debug|Any CPU = Debug|Any CPU
		Release|Any CPU = Release|Any CPU
	EndGlobalSection
	GlobalSection(ProjectConfigurationPlatforms) = postSolution
		{4FAC0D57-20C8-5801-18AA-C0672B212836}.Debug|Any CPU.ActiveCfg = Debug|Any CPU
		{4FAC0D57-20C8-5801-18AA-C0672B212836}.Debug|Any CPU.Build.0 = Debug|Any CPU
		{4FAC0D57-20C8-5801-18AA-C0672B212836}.Release|Any CPU.ActiveCfg = Release|Any CPU
		{4FAC0D57-20C8-5801-18AA-C0672B212836}.Release|Any CPU.Build.0 = Release|Any CPU
		{BF1C3BB5-10BC-1CB1-ED0B-EC28CABC61A0}.Debug|Any CPU.ActiveCfg = Debug|Any CPU
		{BF1C3BB5-10BC-1CB1-ED0B-EC28CABC61A0}.Debug|Any CPU.Build.0 = Debug|Any CPU
		{BF1C3BB5-10BC-1CB1-ED0B-EC28CABC61A0}.Release|Any CPU.ActiveCfg = Release|Any CPU
		{BF1C3BB5-10BC-1CB1-ED0B-EC28CABC61A0}.Release|Any CPU.Build.0 = Release|Any CPU
	EndGlobalSection
	GlobalSection(SolutionProperties) = preSolution
		HideSolutionNode = FALSE
	EndGlobalSection
EndGlobal
