
Microsoft Visual Studio Solution File, Format Version 11.00
# Visual Studio 2010
Project("{FAE04EC0-301F-11D3-BF4B-00C04F79EFBC}") = "Assembly-CSharp", "Assembly-CSharp.csproj", "{9BD9C077-FD11-5FF7-2467-8301D041DF58}"
EndProject
Project("{FAE04EC0-301F-11D3-BF4B-00C04F79EFBC}") = "Assembly-CSharp-Editor", "Assembly-CSharp-Editor.csproj", "{39883A79-3854-AB26-F6F1-F309AC51F22D}"
EndProject
Global
	GlobalSection(SolutionConfigurationPlatforms) = preSolution
		Debug|Any CPU = Debug|Any CPU
		Release|Any CPU = Release|Any CPU
	EndGlobalSection
	GlobalSection(ProjectConfigurationPlatforms) = postSolution
		{9BD9C077-FD11-5FF7-2467-8301D041DF58}.Debug|Any CPU.ActiveCfg = Debug|Any CPU
		{9BD9C077-FD11-5FF7-2467-8301D041DF58}.Debug|Any CPU.Build.0 = Debug|Any CPU
		{9BD9C077-FD11-5FF7-2467-8301D041DF58}.Release|Any CPU.ActiveCfg = Release|Any CPU
		{9BD9C077-FD11-5FF7-2467-8301D041DF58}.Release|Any CPU.Build.0 = Release|Any CPU
		{39883A79-3854-AB26-F6F1-F309AC51F22D}.Debug|Any CPU.ActiveCfg = Debug|Any CPU
		{39883A79-3854-AB26-F6F1-F309AC51F22D}.Debug|Any CPU.Build.0 = Debug|Any CPU
		{39883A79-3854-AB26-F6F1-F309AC51F22D}.Release|Any CPU.ActiveCfg = Release|Any CPU
		{39883A79-3854-AB26-F6F1-F309AC51F22D}.Release|Any CPU.Build.0 = Release|Any CPU
	EndGlobalSection
	GlobalSection(SolutionProperties) = preSolution
		HideSolutionNode = FALSE
	EndGlobalSection
	GlobalSection(MonoDevelopProperties) = preSolution
		StartupItem = Assembly-CSharp.csproj
	EndGlobalSection
EndGlobal
